{
  "name": "api-server",
  "version": "1.0.0",
  "lockfileVersion": 1,
  "requires": true,
  "dependencies": {
    "@mean-expert/loopback-sdk-builder": {
      "version": "file:../..",
      "requires": {
        "@mean-expert/loopback-component-realtime": "1.0.0-rc.9.5",
        "chalk": "1.1.3",
        "ejs": "1.0.0",
        "extfs": "0.0.7",
        "mkdirp": "0.5.1",
        "optimist": "0.6.1",
        "rimraf": "2.5.3",
        "semver": "4.3.2",
        "underscore": "1.8.3",
        "underscore.inflections": "0.2.1"
      },
      "dependencies": {
        "@mean-expert/loopback-component-realtime": {
          "version": "1.0.0-rc.9.5",
          "bundled": true,
          "requires": {
            "async": "2.5.0",
            "chalk": "1.1.3",
            "loopback-context": "1.0.0",
            "socket.io": "1.7.4",
            "socket.io-client": "1.7.4",
            "underscore": "1.8.3"
          },
          "dependencies": {
            "async": {
              "version": "2.5.0",
              "resolved": "https://registry.npmjs.org/async/-/async-2.5.0.tgz",
              "integrity": "sha512-e+lJAJeNWuPCNyxZKOBdaJGyLGHugXVQtrAwtuAe2vhxTYxFTKE73p8JuTmdH0qdQZtDvI4dhJwjZc5zsfIsYw==",
              "requires": {
                "lodash": "4.17.4"
              }
            }
          }
        },
        "accepts": {
          "version": "1.3.3",
          "bundled": true,
          "requires": {
            "mime-types": "2.1.16",
            "negotiator": "0.6.1"
          }
        },
        "after": {
          "version": "0.8.2",
          "bundled": true
        },
        "ansi-regex": {
          "version": "2.1.1",
          "bundled": true
        },
        "ansi-styles": {
          "version": "2.2.1",
          "bundled": true
        },
        "arraybuffer.slice": {
          "version": "0.0.6",
          "bundled": true
        },
        "async": {
          "version": "",
          "bundled": true
        },
        "async-listener": {
          "version": "",
          "bundled": true
        },
        "backo2": {
          "version": "1.0.2",
          "bundled": true
        },
        "balanced-match": {
          "version": "1.0.0",
          "bundled": true
        },
        "base64-arraybuffer": {
          "version": "0.1.5",
          "bundled": true
        },
        "base64id": {
          "version": "1.0.0",
          "bundled": true
        },
        "better-assert": {
          "version": "1.0.2",
          "bundled": true,
          "requires": {
            "callsite": "1.0.0"
          }
        },
        "blob": {
          "version": "0.0.4",
          "bundled": true
        },
        "brace-expansion": {
          "version": "1.1.8",
          "bundled": true,
          "requires": {
            "balanced-match": "1.0.0",
            "concat-map": "0.0.1"
          }
        },
        "callsite": {
          "version": "1.0.0",
          "bundled": true
        },
        "chalk": {
          "version": "1.1.3",
          "bundled": true,
          "requires": {
            "ansi-styles": "2.2.1",
            "escape-string-regexp": "1.0.5",
            "has-ansi": "2.0.0",
            "strip-ansi": "3.0.1",
            "supports-color": "2.0.0"
          }
        },
        "component-bind": {
          "version": "1.0.0",
          "bundled": true
        },
        "component-emitter": {
          "version": "1.1.2",
          "bundled": true
        },
        "component-inherit": {
          "version": "0.0.3",
          "bundled": true
        },
        "concat-map": {
          "version": "0.0.1",
          "bundled": true
        },
        "continuation-local-storage": {
          "version": "3.2.0",
          "bundled": true,
          "requires": {
            "async-listener": "0.6.7",
            "emitter-listener": "1.0.1"
          },
          "dependencies": {
            "async-listener": {
              "version": "0.6.7",
              "resolved": "https://registry.npmjs.org/async-listener/-/async-listener-0.6.7.tgz",
              "integrity": "sha512-6Bmzy9dHE1WWZdru7teS6kecmOy42cCzumQOn57vHa/49kjPMExdPLozDvr25J0hbQf5wMwFitJKnO7O3eqh2A==",
              "requires": {
                "semver": "5.4.1",
                "shimmer": "1.1.0"
              }
            },
            "semver": {
              "version": "5.4.1",
              "resolved": "https://registry.npmjs.org/semver/-/semver-5.4.1.tgz",
              "integrity": "sha512-WfG/X9+oATh81XtllIo/I8gOiY9EXRdv1cQdyykeXK17YcUW3EXUAi2To4pcH6nZtJPr7ZOpM5OMyWJZm+8Rsg=="
            }
          }
        },
        "cookie": {
          "version": "0.3.1",
          "bundled": true
        },
        "debug": {
          "version": "2.3.3",
          "bundled": true,
          "requires": {
            "ms": "0.7.2"
          }
        },
        "ejs": {
          "version": "1.0.0",
          "bundled": true
        },
        "emitter-listener": {
          "version": "1.0.1",
          "bundled": true,
          "requires": {
            "shimmer": "1.0.0"
          },
          "dependencies": {
            "shimmer": {
              "version": "1.0.0",
              "resolved": "https://registry.npmjs.org/shimmer/-/shimmer-1.0.0.tgz",
              "integrity": "sha1-ScLXHGeDYLgCvhiyeDgtHLuAXDk="
            }
          }
        },
        "engine.io": {
          "version": "1.8.4",
          "bundled": true,
          "requires": {
            "accepts": "1.3.3",
            "base64id": "1.0.0",
            "cookie": "0.3.1",
            "debug": "2.3.3",
            "engine.io-parser": "1.3.2",
            "ws": "1.1.4"
          }
        },
        "engine.io-client": {
          "version": "1.8.4",
          "bundled": true,
          "requires": {
            "component-emitter": "1.2.1",
            "component-inherit": "0.0.3",
            "debug": "2.3.3",
            "engine.io-parser": "1.3.2",
            "has-cors": "1.1.0",
            "indexof": "0.0.1",
            "parsejson": "0.0.3",
            "parseqs": "0.0.5",
            "parseuri": "0.0.5",
            "ws": "1.1.2",
            "xmlhttprequest-ssl": "1.5.3",
            "yeast": "0.1.2"
          },
          "dependencies": {
            "component-emitter": {
              "version": "1.2.1",
              "resolved": "https://registry.npmjs.org/component-emitter/-/component-emitter-1.2.1.tgz",
              "integrity": "sha1-E3kY1teCg/ffemt8WmPhQOaUJeY="
            },
            "ws": {
              "version": "1.1.2",
              "resolved": "https://registry.npmjs.org/ws/-/ws-1.1.2.tgz",
              "integrity": "sha1-iiRPoFJAHgjJiGz0SoUYnh/UBn8=",
              "requires": {
                "options": "0.0.6",
                "ultron": "1.0.2"
              }
            }
          }
        },
        "engine.io-parser": {
          "version": "1.3.2",
          "bundled": true,
          "requires": {
            "after": "0.8.2",
            "arraybuffer.slice": "0.0.6",
            "base64-arraybuffer": "0.1.5",
            "blob": "0.0.4",
            "has-binary": "0.1.7",
            "wtf-8": "1.0.0"
          }
        },
        "escape-string-regexp": {
          "version": "1.0.5",
          "bundled": true
        },
        "extfs": {
          "version": "0.0.7",
          "bundled": true,
          "requires": {
            "underscore": "1.8.3"
          }
        },
        "fs.realpath": {
          "version": "1.0.0",
          "bundled": true
        },
        "glob": {
          "version": "7.1.2",
          "bundled": true,
          "requires": {
            "fs.realpath": "1.0.0",
            "inflight": "1.0.6",
            "inherits": "2.0.3",
            "minimatch": "3.0.4",
            "once": "1.4.0",
            "path-is-absolute": "1.0.1"
          }
        },
        "has-ansi": {
          "version": "2.0.0",
          "bundled": true,
          "requires": {
            "ansi-regex": "2.1.1"
          }
        },
        "has-binary": {
          "version": "0.1.7",
          "bundled": true,
          "requires": {
            "isarray": "0.0.1"
          }
        },
        "has-cors": {
          "version": "1.1.0",
          "bundled": true
        },
        "indexof": {
          "version": "0.0.1",
          "bundled": true
        },
        "inflight": {
          "version": "1.0.6",
          "bundled": true,
          "requires": {
            "once": "1.4.0",
            "wrappy": "1.0.2"
          }
        },
        "inherits": {
          "version": "2.0.3",
          "bundled": true
        },
        "isarray": {
          "version": "0.0.1",
          "bundled": true
        },
        "json3": {
          "version": "3.3.2",
          "bundled": true
        },
        "lodash": {
          "version": "4.17.4",
          "bundled": true
        },
        "loopback-context": {
          "version": "1.0.0",
          "bundled": true,
          "requires": {
            "continuation-local-storage": "3.2.0"
          }
        },
        "mime-db": {
          "version": "1.29.0",
          "bundled": true
        },
        "mime-types": {
          "version": "2.1.16",
          "bundled": true,
          "requires": {
            "mime-db": "1.29.0"
          }
        },
        "minimatch": {
          "version": "3.0.4",
          "bundled": true,
          "requires": {
            "brace-expansion": "1.1.8"
          }
        },
        "minimist": {
          "version": "0.0.8",
          "bundled": true
        },
        "mkdirp": {
          "version": "0.5.1",
          "bundled": true,
          "requires": {
            "minimist": "0.0.8"
          }
        },
        "ms": {
          "version": "0.7.2",
          "bundled": true
        },
        "negotiator": {
          "version": "0.6.1",
          "bundled": true
        },
        "object-assign": {
          "version": "4.1.0",
          "bundled": true
        },
        "object-component": {
          "version": "0.0.3",
          "bundled": true
        },
        "once": {
          "version": "1.4.0",
          "bundled": true,
          "requires": {
            "wrappy": "1.0.2"
          }
        },
        "optimist": {
          "version": "0.6.1",
          "bundled": true,
          "requires": {
            "minimist": "0.0.8",
            "wordwrap": "0.0.3"
          }
        },
        "options": {
          "version": "0.0.6",
          "bundled": true
        },
        "parsejson": {
          "version": "0.0.3",
          "bundled": true,
          "requires": {
            "better-assert": "1.0.2"
          }
        },
        "parseqs": {
          "version": "0.0.5",
          "bundled": true,
          "requires": {
            "better-assert": "1.0.2"
          }
        },
        "parseuri": {
          "version": "0.0.5",
          "bundled": true,
          "requires": {
            "better-assert": "1.0.2"
          }
        },
        "path-is-absolute": {
          "version": "1.0.1",
          "bundled": true
        },
        "rimraf": {
          "version": "2.5.3",
          "bundled": true,
          "requires": {
            "glob": "7.1.2"
          }
        },
        "semver": {
          "version": "4.3.2",
          "bundled": true
        },
        "shimmer": {
          "version": "1.1.0",
          "bundled": true
        },
        "socket.io": {
          "version": "1.7.4",
          "bundled": true,
          "requires": {
            "debug": "2.3.3",
            "engine.io": "1.8.4",
            "has-binary": "0.1.7",
            "object-assign": "4.1.0",
            "socket.io-adapter": "0.5.0",
            "socket.io-client": "1.7.4",
            "socket.io-parser": "2.3.1"
          },
          "dependencies": {
            "ms": {
              "version": "0.7.1",
              "resolved": "https://registry.npmjs.org/ms/-/ms-0.7.1.tgz",
              "integrity": "sha1-nNE8A62/8ltl7/3nzoZO6VIBcJg="
            },
            "socket.io-parser": {
              "version": "2.3.1",
              "resolved": "https://registry.npmjs.org/socket.io-parser/-/socket.io-parser-2.3.1.tgz",
              "integrity": "sha1-3VMgJRA85Clpcya+/WQAX8/ltKA=",
              "requires": {
                "component-emitter": "1.1.2",
                "debug": "2.2.0",
                "isarray": "0.0.1",
                "json3": "3.3.2"
              },
              "dependencies": {
                "debug": {
                  "version": "2.2.0",
                  "resolved": "https://registry.npmjs.org/debug/-/debug-2.2.0.tgz",
                  "integrity": "sha1-+HBX6ZWxofauaklgZkE3vFbwOdo=",
                  "requires": {
                    "ms": "0.7.1"
                  }
                }
              }
            }
          }
        },
        "socket.io-adapter": {
          "version": "0.5.0",
          "bundled": true,
          "requires": {
            "debug": "2.3.3",
            "socket.io-parser": "2.3.1"
          },
          "dependencies": {
            "ms": {
              "version": "0.7.1",
              "resolved": "https://registry.npmjs.org/ms/-/ms-0.7.1.tgz",
              "integrity": "sha1-nNE8A62/8ltl7/3nzoZO6VIBcJg="
            },
            "socket.io-parser": {
              "version": "2.3.1",
              "resolved": "https://registry.npmjs.org/socket.io-parser/-/socket.io-parser-2.3.1.tgz",
              "integrity": "sha1-3VMgJRA85Clpcya+/WQAX8/ltKA=",
              "requires": {
                "component-emitter": "1.1.2",
                "debug": "2.2.0",
                "isarray": "0.0.1",
                "json3": "3.3.2"
              },
              "dependencies": {
                "debug": {
                  "version": "2.2.0",
                  "resolved": "https://registry.npmjs.org/debug/-/debug-2.2.0.tgz",
                  "integrity": "sha1-+HBX6ZWxofauaklgZkE3vFbwOdo=",
                  "requires": {
                    "ms": "0.7.1"
                  }
                }
              }
            }
          }
        },
        "socket.io-client": {
          "version": "1.7.4",
          "bundled": true,
          "requires": {
            "backo2": "1.0.2",
            "component-bind": "1.0.0",
            "component-emitter": "1.2.1",
            "debug": "2.3.3",
            "engine.io-client": "1.8.4",
            "has-binary": "0.1.7",
            "indexof": "0.0.1",
            "object-component": "0.0.3",
            "parseuri": "0.0.5",
            "socket.io-parser": "2.3.1",
            "to-array": "0.1.4"
          },
          "dependencies": {
            "component-emitter": {
              "version": "1.2.1",
              "resolved": "https://registry.npmjs.org/component-emitter/-/component-emitter-1.2.1.tgz",
              "integrity": "sha1-E3kY1teCg/ffemt8WmPhQOaUJeY="
            },
            "ms": {
              "version": "0.7.1",
              "resolved": "https://registry.npmjs.org/ms/-/ms-0.7.1.tgz",
              "integrity": "sha1-nNE8A62/8ltl7/3nzoZO6VIBcJg="
            },
            "socket.io-parser": {
              "version": "2.3.1",
              "resolved": "https://registry.npmjs.org/socket.io-parser/-/socket.io-parser-2.3.1.tgz",
              "integrity": "sha1-3VMgJRA85Clpcya+/WQAX8/ltKA=",
              "requires": {
                "component-emitter": "1.1.2",
                "debug": "2.2.0",
                "isarray": "0.0.1",
                "json3": "3.3.2"
              },
              "dependencies": {
                "component-emitter": {
                  "version": "1.1.2",
                  "resolved": "https://registry.npmjs.org/component-emitter/-/component-emitter-1.1.2.tgz",
                  "integrity": "sha1-KWWU8nU9qmOZbSrwjRWpURbJrsM="
                },
                "debug": {
                  "version": "2.2.0",
                  "resolved": "https://registry.npmjs.org/debug/-/debug-2.2.0.tgz",
                  "integrity": "sha1-+HBX6ZWxofauaklgZkE3vFbwOdo=",
                  "requires": {
                    "ms": "0.7.1"
                  }
                }
              }
            }
          }
        },
        "socket.io-parser": {
          "version": "",
          "bundled": true
        },
        "sprintf-js": {
          "version": "1.1.1",
          "bundled": true
        },
        "strip-ansi": {
          "version": "3.0.1",
          "bundled": true,
          "requires": {
            "ansi-regex": "2.1.1"
          }
        },
        "supports-color": {
          "version": "2.0.0",
          "bundled": true
        },
        "to-array": {
          "version": "0.1.4",
          "bundled": true
        },
        "ultron": {
          "version": "1.0.2",
          "bundled": true
        },
        "underscore": {
          "version": "1.8.3",
          "bundled": true
        },
        "underscore.inflections": {
          "version": "0.2.1",
          "bundled": true,
          "requires": {
            "underscore": "1.8.3",
            "underscore.string": "3.3.4"
          }
        },
        "underscore.string": {
          "version": "3.3.4",
          "bundled": true,
          "requires": {
            "sprintf-js": "1.1.1",
            "util-deprecate": "1.0.2"
          }
        },
        "util-deprecate": {
          "version": "1.0.2",
          "bundled": true
        },
        "wordwrap": {
          "version": "0.0.3",
          "bundled": true
        },
        "wrappy": {
          "version": "1.0.2",
          "bundled": true
        },
        "ws": {
          "version": "1.1.4",
          "bundled": true,
          "requires": {
            "options": "0.0.6",
            "ultron": "1.0.2"
          }
        },
        "wtf-8": {
          "version": "1.0.0",
          "bundled": true
        },
        "xmlhttprequest-ssl": {
          "version": "1.5.3",
          "bundled": true
        },
        "yeast": {
          "version": "0.1.2",
          "bundled": true
        }
      }
    }
  }
}
